
Microsoft Visual Studio Solution File, Format Version 12.00
# Visual Studio Version 16
VisualStudioVersion = 16.0.34601.136
MinimumVisualStudioVersion = 10.0.40219.1
Project("{FAE04EC0-301F-11D3-BF4B-00C04F79EFBC}") = "lvnk22cnt1prj2", "lvnk22cnt1prj2\lvnk22cnt1prj2.csproj", "{1DA50F1A-980C-48D3-8DF2-9ED96E200103}"
EndProject
Global
	GlobalSection(SolutionConfigurationPlatforms) = preSolution
		Debug|Any CPU = Debug|Any CPU
		Release|Any CPU = Release|Any CPU
	EndGlobalSection
	GlobalSection(ProjectConfigurationPlatforms) = postSolution
		{1DA50F1A-980C-48D3-8DF2-9ED96E200103}.Debug|Any CPU.ActiveCfg = Debug|Any CPU
		{1DA50F1A-980C-48D3-8DF2-9ED96E200103}.Debug|Any CPU.Build.0 = Debug|Any CPU
		{1DA50F1A-980C-48D3-8DF2-9ED96E200103}.Release|Any CPU.ActiveCfg = Release|Any CPU
		{1DA50F1A-980C-48D3-8DF2-9ED96E200103}.Release|Any CPU.Build.0 = Release|Any CPU
	EndGlobalSection
	GlobalSection(SolutionProperties) = preSolution
		HideSolutionNode = FALSE
	EndGlobalSection
	GlobalSection(ExtensibilityGlobals) = postSolution
		SolutionGuid = {F03AF9E1-45A3-49D2-8EF1-636ABB75D021}
	EndGlobalSection
EndGlobal
